// !$*UTF8*$!
{
	archiveVersion = 1;
	classes = {
	};
	objectVersion = 50;
	objects = {

/* Begin PBXBuildFile section */
		58EC8C9F2555F519004A4A69 /* AppDelegate.swift in Sources */ = {isa = PBXBuildFile; fileRef = 58EC8C9E2555F519004A4A69 /* AppDelegate.swift */; };
		58EC8CA12555F519004A4A69 /* ViewController.swift in Sources */ = {isa = PBXBuildFile; fileRef = 58EC8CA02555F519004A4A69 /* ViewController.swift */; };
		58EC8CA42555F519004A4A69 /* Main.storyboard in Resources */ = {isa = PBXBuildFile; fileRef = 58EC8CA22555F519004A4A69 /* Main.storyboard */; };
		58EC8CA62555F51B004A4A69 /* Assets.xcassets in Resources */ = {isa = PBXBuildFile; fileRef = 58EC8CA52555F51B004A4A69 /* Assets.xcassets */; };
		58EC8CA92555F51B004A4A69 /* LaunchScreen.storyboard in Resources */ = {isa = PBXBuildFile; fileRef = 58EC8CA72555F51B004A4A69 /* LaunchScreen.storyboard */; };
		58EC8CB12555FABD004A4A69 /* Tab1ViewController.swift in Sources */ = {isa = PBXBuildFile; fileRef = 58EC8CB02555FABD004A4A69 /* Tab1ViewController.swift */; };
		58EC8CB32555FAD1004A4A69 /* Tab2ViewController.swift in Sources */ = {isa = PBXBuildFile; fileRef = 58EC8CB22555FAD1004A4A69 /* Tab2ViewController.swift */; };
		58EC8CB52555FC8D004A4A69 /* MainTabBarController.swift in Sources */ = {isa = PBXBuildFile; fileRef = 58EC8CB42555FC8D004A4A69 /* MainTabBarController.swift */; };
/* End PBXBuildFile section */

/* Begin PBXFileReference section */
		58EC8C9B2555F519004A4A69 /* MultiMVC.app */ = {isa = PBXFileReference; explicitFileType = wrapper.application; includeInIndex = 0; path = MultiMVC.app; sourceTree = BUILT_PRODUCTS_DIR; };
		58EC8C9E2555F519004A4A69 /* AppDelegate.swift */ = {isa = PBXFileReference; lastKnownFileType = sourcecode.swift; path = AppDelegate.swift; sourceTree = "<group>"; };
		58EC8CA02555F519004A4A69 /* ViewController.swift */ = {isa = PBXFileReference; lastKnownFileType = sourcecode.swift; path = ViewController.swift; sourceTree = "<group>"; };
		58EC8CA32555F519004A4A69 /* Base */ = {isa = PBXFileReference; lastKnownFileType = file.storyboard; name = Base; path = Base.lproj/Main.storyboard; sourceTree = "<group>"; };
		58EC8CA52555F51B004A4A69 /* Assets.xcassets */ = {isa = PBXFileReference; lastKnownFileType = folder.assetcatalog; path = Assets.xcassets; sourceTree = "<group>"; };
		58EC8CA82555F51B004A4A69 /* Base */ = {isa = PBXFileReference; lastKnownFileType = file.storyboard; name = Base; path = Base.lproj/LaunchScreen.storyboard; sourceTree = "<group>"; };
		58EC8CAA2555F51B004A4A69 /* Info.plist */ = {isa = PBXFileReference; lastKnownFileType = text.plist.xml; path = Info.plist; sourceTree = "<group>"; };
		58EC8CB02555FABD004A4A69 /* Tab1ViewController.swift */ = {isa = PBXFileReference; lastKnownFileType = sourcecode.swift; path = Tab1ViewController.swift; sourceTree = "<group>"; };
		58EC8CB22555FAD1004A4A69 /* Tab2ViewController.swift */ = {isa = PBXFileReference; lastKnownFileType = sourcecode.swift; path = Tab2ViewController.swift; sourceTree = "<group>"; };
		58EC8CB42555FC8D004A4A69 /* MainTabBarController.swift */ = {isa = PBXFileReference; lastKnownFileType = sourcecode.swift; path = MainTabBarController.swift; sourceTree = "<group>"; };
/* End PBXFileReference section */

/* Begin PBXFrameworksBuildPhase section */
		58EC8C982555F519004A4A69 /* Frameworks */ = {
			isa = PBXFrameworksBuildPhase;
			buildActionMask = 2147483647;
			files = (
			);
			runOnlyForDeploymentPostprocessing = 0;
		};
/* End PBXFrameworksBuildPhase section */

/* Begin PBXGroup section */
		58EC8C922555F519004A4A69 = {
			isa = PBXGroup;
			children = (
				58EC8C9D2555F519004A4A69 /* MultiMVC */,
				58EC8C9C2555F519004A4A69 /* Products */,
			);
			sourceTree = "<group>";
		};
		58EC8C9C2555F519004A4A69 /* Products */ = {
			isa = PBXGroup;
			children = (
				58EC8C9B2555F519004A4A69 /* MultiMVC.app */,
			);
			name = Products;
			sourceTree = "<group>";
		};
		58EC8C9D2555F519004A4A69 /* MultiMVC */ = {
			isa = PBXGroup;
			children = (
				58EC8C9E2555F519004A4A69 /* AppDelegate.swift */,
				58EC8CA02555F519004A4A69 /* ViewController.swift */,
				58EC8CB02555FABD004A4A69 /* Tab1ViewController.swift */,
				58EC8CB22555FAD1004A4A69 /* Tab2ViewController.swift */,
				58EC8CA22555F519004A4A69 /* Main.storyboard */,
				58EC8CB42555FC8D004A4A69 /* MainTabBarController.swift */,
				58EC8CA52555F51B004A4A69 /* Assets.xcassets */,
				58EC8CA72555F51B004A4A69 /* LaunchScreen.storyboard */,
				58EC8CAA2555F51B004A4A69 /* Info.plist */,
			);
			path = MultiMVC;
			sourceTree = "<group>";
		};
/* End PBXGroup section */

/* Begin PBXNativeTarget section */
		58EC8C9A2555F519004A4A69 /* MultiMVC */ = {
			isa = PBXNativeTarget;
			buildConfigurationList = 58EC8CAD2555F51B004A4A69 /* Build configuration list for PBXNativeTarget "MultiMVC" */;
			buildPhases = (
				58EC8C972555F519004A4A69 /* Sources */,
				58EC8C982555F519004A4A69 /* Frameworks */,
				58EC8C992555F519004A4A69 /* Resources */,
			);
			buildRules = (
			);
			dependencies = (
			);
			name = MultiMVC;
			productName = MultiMVC;
			productReference = 58EC8C9B2555F519004A4A69 /* MultiMVC.app */;
			productType = "com.apple.product-type.application";
		};
/* End PBXNativeTarget section */

/* Begin PBXProject section */
		58EC8C932555F519004A4A69 /* Project object */ = {
			isa = PBXProject;
			attributes = {
				LastSwiftUpdateCheck = 1030;
				LastUpgradeCheck = 1030;
				ORGANIZATIONNAME = Selmo;
				TargetAttributes = {
					58EC8C9A2555F519004A4A69 = {
						CreatedOnToolsVersion = 10.3;
					};
				};
			};
			buildConfigurationList = 58EC8C962555F519004A4A69 /* Build configuration list for PBXProject "MultiMVC" */;
			compatibilityVersion = "Xcode 9.3";
			developmentRegion = en;
			hasScannedForEncodings = 0;
			knownRegions = (
				en,
				Base,
			);
			mainGroup = 58EC8C922555F519004A4A69;
			productRefGroup = 58EC8C9C2555F519004A4A69 /* Products */;
			projectDirPath = "";
			projectRoot = "";
			targets = (
				58EC8C9A2555F519004A4A69 /* MultiMVC */,
			);
		};
/* End PBXProject section */

/* Begin PBXResourcesBuildPhase section */
		58EC8C992555F519004A4A69 /* Resources */ = {
			isa = PBXResourcesBuildPhase;
			buildActionMask = 2147483647;
			files = (
				58EC8CA92555F51B004A4A69 /* LaunchScreen.storyboard in Resources */,
				58EC8CA62555F51B004A4A69 /* Assets.xcassets in Resources */,
				58EC8CA42555F519004A4A69 /* Main.storyboard in Resources */,
			);
			runOnlyForDeploymentPostprocessing = 0;
		};
/* End PBXResourcesBuildPhase section */

/* Begin PBXSourcesBuildPhase section */
		58EC8C972555F519004A4A69 /* Sources */ = {
			isa = PBXSourcesBuildPhase;
			buildActionMask = 2147483647;
			files = (
				58EC8CB12555FABD004A4A69 /* Tab1ViewController.swift in Sources */,
				58EC8CA12555F519004A4A69 /* ViewController.swift in Sources */,
				58EC8CB52555FC8D004A4A69 /* MainTabBarController.swift in Sources */,
				58EC8C9F2555F519004A4A69 /* AppDelegate.swift in Sources */,
				58EC8CB32555FAD1004A4A69 /* Tab2ViewController.swift in Sources */,
			);
			runOnlyForDeploymentPostprocessing = 0;
		};
/* End PBXSourcesBuildPhase section */

/* Begin PBXVariantGroup section */
		58EC8CA22555F519004A4A69 /* Main.storyboard */ = {
			isa = PBXVariantGroup;
			children = (
				58EC8CA32555F519004A4A69 /* Base */,
			);
			name = Main.storyboard;
			sourceTree = "<group>";
		};
		58EC8CA72555F51B004A4A69 /* LaunchScreen.storyboard */ = {
			isa = PBXVariantGroup;
			children = (
				58EC8CA82555F51B004A4A69 /* Base */,
			);
			name = LaunchScreen.storyboard;
			sourceTree = "<group>";
		};
/* End PBXVariantGroup section */

/* Begin XCBuildConfiguration section */
		58EC8CAB2555F51B004A4A69 /* Debug */ = {
			isa = XCBuildConfiguration;
			buildSettings = {
				ALWAYS_SEARCH_USER_PATHS = NO;
				CLANG_ANALYZER_NONNULL = YES;
				CLANG_ANALYZER_NUMBER_OBJECT_CONVERSION = YES_AGGRESSIVE;
				CLANG_CXX_LANGUAGE_STANDARD = "gnu++14";
				CLANG_CXX_LIBRARY = "libc++";
				CLANG_ENABLE_MODULES = YES;
				CLANG_ENABLE_OBJC_ARC = YES;
				CLANG_ENABLE_OBJC_WEAK = YES;
				CLANG_WARN_BLOCK_CAPTURE_AUTORELEASING = YES;
				CLANG_WARN_BOOL_CONVERSION = YES;
				CLANG_WARN_COMMA = YES;
				CLANG_WARN_CONSTANT_CONVERSION = YES;
				CLANG_WARN_DEPRECATED_OBJC_IMPLEMENTATIONS = YES;
				CLANG_WARN_DIRECT_OBJC_ISA_USAGE = YES_ERROR;
				CLANG_WARN_DOCUMENTATION_COMMENTS = YES;
				CLANG_WARN_EMPTY_BODY = YES;
				CLANG_WARN_ENUM_CONVERSION = YES;
				CLANG_WARN_INFINITE_RECURSION = YES;
				CLANG_WARN_INT_CONVERSION = YES;
				CLANG_WARN_NON_LITERAL_NULL_CONVERSION = YES;
				CLANG_WARN_OBJC_IMPLICIT_RETAIN_SELF = YES;
				CLANG_WARN_OBJC_LITERAL_CONVERSION = YES;
				CLANG_WARN_OBJC_ROOT_CLASS = YES_ERROR;
				CLANG_WARN_RANGE_LOOP_ANALYSIS = YES;
				CLANG_WARN_STRICT_PROTOTYPES = YES;
				CLANG_WARN_SUSPICIOUS_MOVE = YES;
				CLANG_WARN_UNGUARDED_AVAILABILITY = YES_AGGRESSIVE;
				CLANG_WARN_UNREACHABLE_CODE = YES;
				CLANG_WARN__DUPLICATE_METHOD_MATCH = YES;
				CODE_SIGN_IDENTITY = "iPhone Developer";
				COPY_PHASE_STRIP = NO;
				DEBUG_INFORMATION_FORMAT = dwarf;
				ENABLE_STRICT_OBJC_MSGSEND = YES;
				ENABLE_TESTABILITY = YES;
				GCC_C_LANGUAGE_STANDARD = gnu11;
				GCC_DYNAMIC_NO_PIC = NO;
				GCC_NO_COMMON_BLOCKS = YES;
				GCC_OPTIMIZATION_LEVEL = 0;
				GCC_PREPROCESSOR_DEFINITIONS = (
					"DEBUG=1",
					"$(inherited)",
				);
				GCC_WARN_64_TO_32_BIT_CONVERSION = YES;
				GCC_WARN_ABOUT_RETURN_TYPE = YES_ERROR;
				GCC_WARN_UNDECLARED_SELECTOR = YES;
				GCC_WARN_UNINITIALIZED_AUTOS = YES_AGGRESSIVE;
				GCC_WARN_UNUSED_FUNCTION = YES;
				GCC_WARN_UNUSED_VARIABLE = YES;
				IPHONEOS_DEPLOYMENT_TARGET = 12.4;
				MTL_ENABLE_DEBUG_INFO = INCLUDE_SOURCE;
				MTL_FAST_MATH = YES;
				ONLY_ACTIVE_ARCH = YES;
				SDKROOT = iphoneos;
				SWIFT_ACTIVE_COMPILATION_CONDITIONS = DEBUG;
				SWIFT_OPTIMIZATION_LEVEL = "-Onone";
			};
			name = Debug;
		};
		58EC8CAC2555F51B004A4A69 /* Release */ = {
			isa = XCBuildConfiguration;
			buildSettings = {
				ALWAYS_SEARCH_USER_PATHS = NO;
				CLANG_ANALYZER_NONNULL = YES;
				CLANG_ANALYZER_NUMBER_OBJECT_CONVERSION = YES_AGGRESSIVE;
				CLANG_CXX_LANGUAGE_STANDARD = "gnu++14";
				CLANG_CXX_LIBRARY = "libc++";
				CLANG_ENABLE_MODULES = YES;
				CLANG_ENABLE_OBJC_ARC = YES;
				CLANG_ENABLE_OBJC_WEAK = YES;
				CLANG_WARN_BLOCK_CAPTURE_AUTORELEASING = YES;
				CLANG_WARN_BOOL_CONVERSION = YES;
				CLANG_WARN_COMMA = YES;
				CLANG_WARN_CONSTANT_CONVERSION = YES;
				CLANG_WARN_DEPRECATED_OBJC_IMPLEMENTATIONS = YES;
				CLANG_WARN_DIRECT_OBJC_ISA_USAGE = YES_ERROR;
				CLANG_WARN_DOCUMENTATION_COMMENTS = YES;
				CLANG_WARN_EMPTY_BODY = YES;
				CLANG_WARN_ENUM_CONVERSION = YES;
				CLANG_WARN_INFINITE_RECURSION = YES;
				CLANG_WARN_INT_CONVERSION = YES;
				CLANG_WARN_NON_LITERAL_NULL_CONVERSION = YES;
				CLANG_WARN_OBJC_IMPLICIT_RETAIN_SELF = YES;
				CLANG_WARN_OBJC_LITERAL_CONVERSION = YES;
				CLANG_WARN_OBJC_ROOT_CLASS = YES_ERROR;
				CLANG_WARN_RANGE_LOOP_ANALYSIS = YES;
				CLANG_WARN_STRICT_PROTOTYPES = YES;
				CLANG_WARN_SUSPICIOUS_MOVE = YES;
				CLANG_WARN_UNGUARDED_AVAILABILITY = YES_AGGRESSIVE;
				CLANG_WARN_UNREACHABLE_CODE = YES;
				CLANG_WARN__DUPLICATE_METHOD_MATCH = YES;
				CODE_SIGN_IDENTITY = "iPhone Developer";
				COPY_PHASE_STRIP = NO;
				DEBUG_INFORMATION_FORMAT = "dwarf-with-dsym";
				ENABLE_NS_ASSERTIONS = NO;
				ENABLE_STRICT_OBJC_MSGSEND = YES;
				GCC_C_LANGUAGE_STANDARD = gnu11;
				GCC_NO_COMMON_BLOCKS = YES;
				GCC_WARN_64_TO_32_BIT_CONVERSION = YES;
				GCC_WARN_ABOUT_RETURN_TYPE = YES_ERROR;
				GCC_WARN_UNDECLARED_SELECTOR = YES;
				GCC_WARN_UNINITIALIZED_AUTOS = YES_AGGRESSIVE;
				GCC_WARN_UNUSED_FUNCTION = YES;
				GCC_WARN_UNUSED_VARIABLE = YES;
				IPHONEOS_DEPLOYMENT_TARGET = 12.4;
				MTL_ENABLE_DEBUG_INFO = NO;
				MTL_FAST_MATH = YES;
				SDKROOT = iphoneos;
				SWIFT_COMPILATION_MODE = wholemodule;
				SWIFT_OPTIMIZATION_LEVEL = "-O";
				VALIDATE_PRODUCT = YES;
			};
			name = Release;
		};
		58EC8CAE2555F51B004A4A69 /* Debug */ = {
			isa = XCBuildConfiguration;
			buildSettings = {
				ASSETCATALOG_COMPILER_APPICON_NAME = AppIcon;
				CODE_SIGN_STYLE = Automatic;
				INFOPLIST_FILE = MultiMVC/Info.plist;
				LD_RUNPATH_SEARCH_PATHS = (
					"$(inherited)",
					"@executable_path/Frameworks",
				);
				PRODUCT_BUNDLE_IDENTIFIER = ee.itcollege.kaande.MultiMVC;
				PRODUCT_NAME = "$(TARGET_NAME)";
				SWIFT_VERSION = 5.0;
				TARGETED_DEVICE_FAMILY = "1,2";
			};
			name = Debug;
		};
		58EC8CAF2555F51B004A4A69 /* Release */ = {
			isa = XCBuildConfiguration;
			buildSettings = {
				ASSETCATALOG_COMPILER_APPICON_NAME = AppIcon;
				CODE_SIGN_STYLE = Automatic;
				INFOPLIST_FILE = MultiMVC/Info.plist;
				LD_RUNPATH_SEARCH_PATHS = (
					"$(inherited)",
					"@executable_path/Frameworks",
				);
				PRODUCT_BUNDLE_IDENTIFIER = ee.itcollege.kaande.MultiMVC;
				PRODUCT_NAME = "$(TARGET_NAME)";
				SWIFT_VERSION = 5.0;
				TARGETED_DEVICE_FAMILY = "1,2";
			};
			name = Release;
		};
/* End XCBuildConfiguration section */

/* Begin XCConfigurationList section */
		58EC8C962555F519004A4A69 /* Build configuration list for PBXProject "MultiMVC" */ = {
			isa = XCConfigurationList;
			buildConfigurations = (
				58EC8CAB2555F51B004A4A69 /* Debug */,
				58EC8CAC2555F51B004A4A69 /* Release */,
			);
			defaultConfigurationIsVisible = 0;
			defaultConfigurationName = Release;
		};
		58EC8CAD2555F51B004A4A69 /* Build configuration list for PBXNativeTarget "MultiMVC" */ = {
			isa = XCConfigurationList;
			buildConfigurations = (
				58EC8CAE2555F51B004A4A69 /* Debug */,
				58EC8CAF2555F51B004A4A69 /* Release */,
			);
			defaultConfigurationIsVisible = 0;
			defaultConfigurationName = Release;
		};
/* End XCConfigurationList section */
	};
	rootObject = 58EC8C932555F519004A4A69 /* Project object */;
}
